{
  "name": "node-core-mcp",
  "version": "1.0.1",
  "lockfileVersion": 3,
  "requires": true,
  "packages": {
    "": {
      "name": "node-core-mcp",
      "version": "1.0.1",
      "bin": {
        "node-core-mcp": "bin/node-core-mcp.mjs"
      },
      "engines": {
        "node": ">=18"
      }
    }
  }
}
